
Microsoft Visual Studio Solution File, Format Version 12.00
# Visual Studio 14
VisualStudioVersion = 14.0.25420.1
MinimumVisualStudioVersion = 10.0.40219.1
Project("{FAE04EC0-301F-11D3-BF4B-00C04F79EFBC}") = "TencentWebApi", "TencentWebApi\TencentWebApi.csproj", "{B8710E35-AD66-42BA-9458-A6DA9F1DD43E}"
EndProject
Project("{2150E333-8FDC-42A3-9474-1A3956D46DE8}") = "TencentApi", "TencentApi", "{4F15A7E5-E2F2-41BC-8662-E6A34BAF8CF6}"
EndProject
Project("{FAE04EC0-301F-11D3-BF4B-00C04F79EFBC}") = "MESDBHelper", "MESDBHelper\MESDBHelper.csproj", "{C8BDB8FC-44F6-4109-A779-34EE99903270}"
EndProject
Project("{FAE04EC0-301F-11D3-BF4B-00C04F79EFBC}") = "TestConsole", "TestConsole\TestConsole.csproj", "{C3B1D3D5-9303-4151-9F6B-EA584E91F360}"
EndProject
Global
	GlobalSection(SolutionConfigurationPlatforms) = preSolution
		Debug|Any CPU = Debug|Any CPU
		Release|Any CPU = Release|Any CPU
	EndGlobalSection
	GlobalSection(ProjectConfigurationPlatforms) = postSolution
		{B8710E35-AD66-42BA-9458-A6DA9F1DD43E}.Debug|Any CPU.ActiveCfg = Debug|Any CPU
		{B8710E35-AD66-42BA-9458-A6DA9F1DD43E}.Debug|Any CPU.Build.0 = Debug|Any CPU
		{B8710E35-AD66-42BA-9458-A6DA9F1DD43E}.Release|Any CPU.ActiveCfg = Release|Any CPU
		{B8710E35-AD66-42BA-9458-A6DA9F1DD43E}.Release|Any CPU.Build.0 = Release|Any CPU
		{C8BDB8FC-44F6-4109-A779-34EE99903270}.Debug|Any CPU.ActiveCfg = Debug|Any CPU
		{C8BDB8FC-44F6-4109-A779-34EE99903270}.Debug|Any CPU.Build.0 = Debug|Any CPU
		{C8BDB8FC-44F6-4109-A779-34EE99903270}.Release|Any CPU.ActiveCfg = Release|Any CPU
		{C8BDB8FC-44F6-4109-A779-34EE99903270}.Release|Any CPU.Build.0 = Release|Any CPU
		{C3B1D3D5-9303-4151-9F6B-EA584E91F360}.Debug|Any CPU.ActiveCfg = Debug|Any CPU
		{C3B1D3D5-9303-4151-9F6B-EA584E91F360}.Debug|Any CPU.Build.0 = Debug|Any CPU
		{C3B1D3D5-9303-4151-9F6B-EA584E91F360}.Release|Any CPU.ActiveCfg = Release|Any CPU
		{C3B1D3D5-9303-4151-9F6B-EA584E91F360}.Release|Any CPU.Build.0 = Release|Any CPU
	EndGlobalSection
	GlobalSection(SolutionProperties) = preSolution
		HideSolutionNode = FALSE
	EndGlobalSection
	GlobalSection(NestedProjects) = preSolution
		{B8710E35-AD66-42BA-9458-A6DA9F1DD43E} = {4F15A7E5-E2F2-41BC-8662-E6A34BAF8CF6}
		{C8BDB8FC-44F6-4109-A779-34EE99903270} = {4F15A7E5-E2F2-41BC-8662-E6A34BAF8CF6}
		{C3B1D3D5-9303-4151-9F6B-EA584E91F360} = {4F15A7E5-E2F2-41BC-8662-E6A34BAF8CF6}
	EndGlobalSection
EndGlobal
